
Microsoft Visual Studio Solution File, Format Version 12.00
# Visual Studio Version 17
VisualStudioVersion = 17.10.34928.147
MinimumVisualStudioVersion = 10.0.40219.1
Project("{8BC9CEB8-8B4A-11D0-8D11-00A0C91BC942}") = "GPU", "GPU.vcxproj", "{00890F55-CE40-4E57-99CE-95A970803C26}"
EndProject
Project("{2150E333-8FDC-42A3-9474-1A3956D46DE8}") = "Solution Items", "Solution Items", "{CB112607-1FEF-4F1C-9A67-B062ABEFD3DD}"
EndProject
Global
	GlobalSection(SolutionConfigurationPlatforms) = preSolution
		Debug|x64 = Debug|x64
		Release|x64 = Release|x64
	EndGlobalSection
	GlobalSection(ProjectConfigurationPlatforms) = postSolution
		{00890F55-CE40-4E57-99CE-95A970803C26}.Debug|x64.ActiveCfg = Debug|x64
		{00890F55-CE40-4E57-99CE-95A970803C26}.Debug|x64.Build.0 = Debug|x64
		{00890F55-CE40-4E57-99CE-95A970803C26}.Release|x64.ActiveCfg = Release|x64
		{00890F55-CE40-4E57-99CE-95A970803C26}.Release|x64.Build.0 = Release|x64
	EndGlobalSection
	GlobalSection(SolutionProperties) = preSolution
		HideSolutionNode = FALSE
	EndGlobalSection
	GlobalSection(ExtensibilityGlobals) = postSolution
		SolutionGuid = {D4E92ACF-396B-44FC-8E66-54F9034C15AA}
	EndGlobalSection
EndGlobal
